
Microsoft Visual Studio Solution File, Format Version 12.00
# Visual Studio Version 16
VisualStudioVersion = 16.0.29728.190
MinimumVisualStudioVersion = 10.0.40219.1
Project("{FAE04EC0-301F-11D3-BF4B-00C04F79EFBC}") = "ThecCarnivalPOCUsingAWS", "ThecCarnivalPOCUsingAWS\ThecCarnivalPOCUsingAWS.csproj", "{0DC361BA-D407-42E0-BA92-D5B9A4E3D15E}"
EndProject
Global
	GlobalSection(SolutionConfigurationPlatforms) = preSolution
		Debug|Any CPU = Debug|Any CPU
		Release|Any CPU = Release|Any CPU
	EndGlobalSection
	GlobalSection(ProjectConfigurationPlatforms) = postSolution
		{0DC361BA-D407-42E0-BA92-D5B9A4E3D15E}.Debug|Any CPU.ActiveCfg = Debug|Any CPU
		{0DC361BA-D407-42E0-BA92-D5B9A4E3D15E}.Debug|Any CPU.Build.0 = Debug|Any CPU
		{0DC361BA-D407-42E0-BA92-D5B9A4E3D15E}.Release|Any CPU.ActiveCfg = Release|Any CPU
		{0DC361BA-D407-42E0-BA92-D5B9A4E3D15E}.Release|Any CPU.Build.0 = Release|Any CPU
	EndGlobalSection
	GlobalSection(SolutionProperties) = preSolution
		HideSolutionNode = FALSE
	EndGlobalSection
	GlobalSection(ExtensibilityGlobals) = postSolution
		SolutionGuid = {09A15C38-C975-43A3-B45D-BE0DFEE54C0E}
	EndGlobalSection
EndGlobal
